
Microsoft Visual Studio Solution File, Format Version 12.00
# Visual Studio Version 17
VisualStudioVersion = 17.8.34511.84
MinimumVisualStudioVersion = 10.0.40219.1
Project("{FAE04EC0-301F-11D3-BF4B-00C04F79EFBC}") = "ProductMVC3", "ProductMVC3\ProductMVC3.csproj", "{6FFB028F-001F-4E7D-BF6D-ADD2C870D814}"
EndProject
Global
	GlobalSection(SolutionConfigurationPlatforms) = preSolution
		Debug|Any CPU = Debug|Any CPU
		Release|Any CPU = Release|Any CPU
	EndGlobalSection
	GlobalSection(ProjectConfigurationPlatforms) = postSolution
		{6FFB028F-001F-4E7D-BF6D-ADD2C870D814}.Debug|Any CPU.ActiveCfg = Debug|Any CPU
		{6FFB028F-001F-4E7D-BF6D-ADD2C870D814}.Debug|Any CPU.Build.0 = Debug|Any CPU
		{6FFB028F-001F-4E7D-BF6D-ADD2C870D814}.Release|Any CPU.ActiveCfg = Release|Any CPU
		{6FFB028F-001F-4E7D-BF6D-ADD2C870D814}.Release|Any CPU.Build.0 = Release|Any CPU
	EndGlobalSection
	GlobalSection(SolutionProperties) = preSolution
		HideSolutionNode = FALSE
	EndGlobalSection
	GlobalSection(ExtensibilityGlobals) = postSolution
		SolutionGuid = {39F36391-4E48-4816-B2B8-3DE028E5D5CD}
	EndGlobalSection
EndGlobal
